{
  "name": "armchair-dj-rails",
  "requires": true,
  "lockfileVersion": 1,
  "dependencies": {
    "turbolinks": {
      "version": "5.1.1",
      "resolved": "https://registry.npmjs.org/turbolinks/-/turbolinks-5.1.1.tgz",
      "integrity": "sha512-Yhp3HH4Am4K8Qpm0XqEnbreZrCoYOWN6yx+r0fAY36JhAtiFJ3FPdwSt4Usph4duI1HMnB3z8F/LWy55Uf42Jg=="
    }
  }
}
